
Microsoft Visual Studio Solution File, Format Version 12.00
# Visual Studio Version 16
VisualStudioVersion = 16.0.29926.136
MinimumVisualStudioVersion = 10.0.40219.1
Project("{9A19103F-16F7-4668-BE54-9A1E7A4F7556}") = "shop", "shop\shop.csproj", "{4DE8E5B0-095B-4EB5-BB48-AAD292FD6CCC}"
EndProject
Global
	GlobalSection(SolutionConfigurationPlatforms) = preSolution
		Debug|Any CPU = Debug|Any CPU
		Release|Any CPU = Release|Any CPU
		test|Any CPU = test|Any CPU
	EndGlobalSection
	GlobalSection(ProjectConfigurationPlatforms) = postSolution
		{4DE8E5B0-095B-4EB5-BB48-AAD292FD6CCC}.Debug|Any CPU.ActiveCfg = Debug|Any CPU
		{4DE8E5B0-095B-4EB5-BB48-AAD292FD6CCC}.Debug|Any CPU.Build.0 = Debug|Any CPU
		{4DE8E5B0-095B-4EB5-BB48-AAD292FD6CCC}.Release|Any CPU.ActiveCfg = Release|Any CPU
		{4DE8E5B0-095B-4EB5-BB48-AAD292FD6CCC}.Release|Any CPU.Build.0 = Release|Any CPU
		{4DE8E5B0-095B-4EB5-BB48-AAD292FD6CCC}.test|Any CPU.ActiveCfg = Debug|Any CPU
		{4DE8E5B0-095B-4EB5-BB48-AAD292FD6CCC}.test|Any CPU.Build.0 = Debug|Any CPU
	EndGlobalSection
	GlobalSection(SolutionProperties) = preSolution
		HideSolutionNode = FALSE
	EndGlobalSection
	GlobalSection(ExtensibilityGlobals) = postSolution
		SolutionGuid = {CBECA3ED-6DBD-489E-A200-92EA4C54990C}
	EndGlobalSection
EndGlobal
